// !$*UTF8*$!
{
	archiveVersion = 1;
	classes = {
	};
	objectVersion = 50;
	objects = {

/* Begin PBXBuildFile section */
		30EE9B7025AE363200589500 /* AppDelegate.swift in Sources */ = {isa = PBXBuildFile; fileRef = 30EE9B6F25AE363200589500 /* AppDelegate.swift */; };
		30EE9B7225AE363200589500 /* SceneDelegate.swift in Sources */ = {isa = PBXBuildFile; fileRef = 30EE9B7125AE363200589500 /* SceneDelegate.swift */; };
		30EE9B7425AE363200589500 /* ViewController.swift in Sources */ = {isa = PBXBuildFile; fileRef = 30EE9B7325AE363200589500 /* ViewController.swift */; };
		30EE9B7725AE363200589500 /* Main.storyboard in Resources */ = {isa = PBXBuildFile; fileRef = 30EE9B7525AE363200589500 /* Main.storyboard */; };
		30EE9B7925AE363600589500 /* Assets.xcassets in Resources */ = {isa = PBXBuildFile; fileRef = 30EE9B7825AE363600589500 /* Assets.xcassets */; };
		30EE9B7C25AE363600589500 /* LaunchScreen.storyboard in Resources */ = {isa = PBXBuildFile; fileRef = 30EE9B7A25AE363600589500 /* LaunchScreen.storyboard */; };
		30EE9B8725AE363600589500 /* WebviewTests.swift in Sources */ = {isa = PBXBuildFile; fileRef = 30EE9B8625AE363600589500 /* WebviewTests.swift */; };
		30EE9B9225AE363600589500 /* WebviewUITests.swift in Sources */ = {isa = PBXBuildFile; fileRef = 30EE9B9125AE363600589500 /* WebviewUITests.swift */; };
/* End PBXBuildFile section */

/* Begin PBXContainerItemProxy section */
		30EE9B8325AE363600589500 /* PBXContainerItemProxy */ = {
			isa = PBXContainerItemProxy;
			containerPortal = 30EE9B6425AE363200589500 /* Project object */;
			proxyType = 1;
			remoteGlobalIDString = 30EE9B6B25AE363200589500;
			remoteInfo = Webview;
		};
		30EE9B8E25AE363600589500 /* PBXContainerItemProxy */ = {
			isa = PBXContainerItemProxy;
			containerPortal = 30EE9B6425AE363200589500 /* Project object */;
			proxyType = 1;
			remoteGlobalIDString = 30EE9B6B25AE363200589500;
			remoteInfo = Webview;
		};
/* End PBXContainerItemProxy section */

/* Begin PBXFileReference section */
		30EE9B6C25AE363200589500 /* Webview.app */ = {isa = PBXFileReference; explicitFileType = wrapper.application; includeInIndex = 0; path = Webview.app; sourceTree = BUILT_PRODUCTS_DIR; };
		30EE9B6F25AE363200589500 /* AppDelegate.swift */ = {isa = PBXFileReference; lastKnownFileType = sourcecode.swift; path = AppDelegate.swift; sourceTree = "<group>"; };
		30EE9B7125AE363200589500 /* SceneDelegate.swift */ = {isa = PBXFileReference; lastKnownFileType = sourcecode.swift; path = SceneDelegate.swift; sourceTree = "<group>"; };
		30EE9B7325AE363200589500 /* ViewController.swift */ = {isa = PBXFileReference; lastKnownFileType = sourcecode.swift; path = ViewController.swift; sourceTree = "<group>"; };
		30EE9B7625AE363200589500 /* Base */ = {isa = PBXFileReference; lastKnownFileType = file.storyboard; name = Base; path = Base.lproj/Main.storyboard; sourceTree = "<group>"; };
		30EE9B7825AE363600589500 /* Assets.xcassets */ = {isa = PBXFileReference; lastKnownFileType = folder.assetcatalog; path = Assets.xcassets; sourceTree = "<group>"; };
		30EE9B7B25AE363600589500 /* Base */ = {isa = PBXFileReference; lastKnownFileType = file.storyboard; name = Base; path = Base.lproj/LaunchScreen.storyboard; sourceTree = "<group>"; };
		30EE9B7D25AE363600589500 /* Info.plist */ = {isa = PBXFileReference; lastKnownFileType = text.plist.xml; path = Info.plist; sourceTree = "<group>"; };
		30EE9B8225AE363600589500 /* WebviewTests.xctest */ = {isa = PBXFileReference; explicitFileType = wrapper.cfbundle; includeInIndex = 0; path = WebviewTests.xctest; sourceTree = BUILT_PRODUCTS_DIR; };
		30EE9B8625AE363600589500 /* WebviewTests.swift */ = {isa = PBXFileReference; lastKnownFileType = sourcecode.swift; path = WebviewTests.swift; sourceTree = "<group>"; };
		30EE9B8825AE363600589500 /* Info.plist */ = {isa = PBXFileReference; lastKnownFileType = text.plist.xml; path = Info.plist; sourceTree = "<group>"; };
		30EE9B8D25AE363600589500 /* WebviewUITests.xctest */ = {isa = PBXFileReference; explicitFileType = wrapper.cfbundle; includeInIndex = 0; path = WebviewUITests.xctest; sourceTree = BUILT_PRODUCTS_DIR; };
		30EE9B9125AE363600589500 /* WebviewUITests.swift */ = {isa = PBXFileReference; lastKnownFileType = sourcecode.swift; path = WebviewUITests.swift; sourceTree = "<group>"; };
		30EE9B9325AE363600589500 /* Info.plist */ = {isa = PBXFileReference; lastKnownFileType = text.plist.xml; path = Info.plist; sourceTree = "<group>"; };
/* End PBXFileReference section */

/* Begin PBXFrameworksBuildPhase section */
		30EE9B6925AE363200589500 /* Frameworks */ = {
			isa = PBXFrameworksBuildPhase;
			buildActionMask = 2147483647;
			files = (
			);
			runOnlyForDeploymentPostprocessing = 0;
		};
		30EE9B7F25AE363600589500 /* Frameworks */ = {
			isa = PBXFrameworksBuildPhase;
			buildActionMask = 2147483647;
			files = (
			);
			runOnlyForDeploymentPostprocessing = 0;
		};
		30EE9B8A25AE363600589500 /* Frameworks */ = {
			isa = PBXFrameworksBuildPhase;
			buildActionMask = 2147483647;
			files = (
			);
			runOnlyForDeploymentPostprocessing = 0;
		};
/* End PBXFrameworksBuildPhase section */

/* Begin PBXGroup section */
		30EE9B6325AE363200589500 = {
			isa = PBXGroup;
			children = (
				30EE9B6E25AE363200589500 /* Webview */,
				30EE9B8525AE363600589500 /* WebviewTests */,
				30EE9B9025AE363600589500 /* WebviewUITests */,
				30EE9B6D25AE363200589500 /* Products */,
			);
			sourceTree = "<group>";
		};
		30EE9B6D25AE363200589500 /* Products */ = {
			isa = PBXGroup;
			children = (
				30EE9B6C25AE363200589500 /* Webview.app */,
				30EE9B8225AE363600589500 /* WebviewTests.xctest */,
				30EE9B8D25AE363600589500 /* WebviewUITests.xctest */,
			);
			name = Products;
			sourceTree = "<group>";
		};
		30EE9B6E25AE363200589500 /* Webview */ = {
			isa = PBXGroup;
			children = (
				30EE9B6F25AE363200589500 /* AppDelegate.swift */,
				30EE9B7125AE363200589500 /* SceneDelegate.swift */,
				30EE9B7325AE363200589500 /* ViewController.swift */,
				30EE9B7525AE363200589500 /* Main.storyboard */,
				30EE9B7825AE363600589500 /* Assets.xcassets */,
				30EE9B7A25AE363600589500 /* LaunchScreen.storyboard */,
				30EE9B7D25AE363600589500 /* Info.plist */,
			);
			path = Webview;
			sourceTree = "<group>";
		};
		30EE9B8525AE363600589500 /* WebviewTests */ = {
			isa = PBXGroup;
			children = (
				30EE9B8625AE363600589500 /* WebviewTests.swift */,
				30EE9B8825AE363600589500 /* Info.plist */,
			);
			path = WebviewTests;
			sourceTree = "<group>";
		};
		30EE9B9025AE363600589500 /* WebviewUITests */ = {
			isa = PBXGroup;
			children = (
				30EE9B9125AE363600589500 /* WebviewUITests.swift */,
				30EE9B9325AE363600589500 /* Info.plist */,
			);
			path = WebviewUITests;
			sourceTree = "<group>";
		};
/* End PBXGroup section */

/* Begin PBXNativeTarget section */
		30EE9B6B25AE363200589500 /* Webview */ = {
			isa = PBXNativeTarget;
			buildConfigurationList = 30EE9B9625AE363600589500 /* Build configuration list for PBXNativeTarget "Webview" */;
			buildPhases = (
				30EE9B6825AE363200589500 /* Sources */,
				30EE9B6925AE363200589500 /* Frameworks */,
				30EE9B6A25AE363200589500 /* Resources */,
			);
			buildRules = (
			);
			dependencies = (
			);
			name = Webview;
			productName = Webview;
			productReference = 30EE9B6C25AE363200589500 /* Webview.app */;
			productType = "com.apple.product-type.application";
		};
		30EE9B8125AE363600589500 /* WebviewTests */ = {
			isa = PBXNativeTarget;
			buildConfigurationList = 30EE9B9925AE363600589500 /* Build configuration list for PBXNativeTarget "WebviewTests" */;
			buildPhases = (
				30EE9B7E25AE363600589500 /* Sources */,
				30EE9B7F25AE363600589500 /* Frameworks */,
				30EE9B8025AE363600589500 /* Resources */,
			);
			buildRules = (
			);
			dependencies = (
				30EE9B8425AE363600589500 /* PBXTargetDependency */,
			);
			name = WebviewTests;
			productName = WebviewTests;
			productReference = 30EE9B8225AE363600589500 /* WebviewTests.xctest */;
			productType = "com.apple.product-type.bundle.unit-test";
		};
		30EE9B8C25AE363600589500 /* WebviewUITests */ = {
			isa = PBXNativeTarget;
			buildConfigurationList = 30EE9B9C25AE363600589500 /* Build configuration list for PBXNativeTarget "WebviewUITests" */;
			buildPhases = (
				30EE9B8925AE363600589500 /* Sources */,
				30EE9B8A25AE363600589500 /* Frameworks */,
				30EE9B8B25AE363600589500 /* Resources */,
			);
			buildRules = (
			);
			dependencies = (
				30EE9B8F25AE363600589500 /* PBXTargetDependency */,
			);
			name = WebviewUITests;
			productName = WebviewUITests;
			productReference = 30EE9B8D25AE363600589500 /* WebviewUITests.xctest */;
			productType = "com.apple.product-type.bundle.ui-testing";
		};
/* End PBXNativeTarget section */

/* Begin PBXProject section */
		30EE9B6425AE363200589500 /* Project object */ = {
			isa = PBXProject;
			attributes = {
				LastSwiftUpdateCheck = 1230;
				LastUpgradeCheck = 1230;
				TargetAttributes = {
					30EE9B6B25AE363200589500 = {
						CreatedOnToolsVersion = 12.3;
					};
					30EE9B8125AE363600589500 = {
						CreatedOnToolsVersion = 12.3;
						TestTargetID = 30EE9B6B25AE363200589500;
					};
					30EE9B8C25AE363600589500 = {
						CreatedOnToolsVersion = 12.3;
						TestTargetID = 30EE9B6B25AE363200589500;
					};
				};
			};
			buildConfigurationList = 30EE9B6725AE363200589500 /* Build configuration list for PBXProject "Webview" */;
			compatibilityVersion = "Xcode 9.3";
			developmentRegion = en;
			hasScannedForEncodings = 0;
			knownRegions = (
				en,
				Base,
			);
			mainGroup = 30EE9B6325AE363200589500;
			productRefGroup = 30EE9B6D25AE363200589500 /* Products */;
			projectDirPath = "";
			projectRoot = "";
			targets = (
				30EE9B6B25AE363200589500 /* Webview */,
				30EE9B8125AE363600589500 /* WebviewTests */,
				30EE9B8C25AE363600589500 /* WebviewUITests */,
			);
		};
/* End PBXProject section */

/* Begin PBXResourcesBuildPhase section */
		30EE9B6A25AE363200589500 /* Resources */ = {
			isa = PBXResourcesBuildPhase;
			buildActionMask = 2147483647;
			files = (
				30EE9B7C25AE363600589500 /* LaunchScreen.storyboard in Resources */,
				30EE9B7925AE363600589500 /* Assets.xcassets in Resources */,
				30EE9B7725AE363200589500 /* Main.storyboard in Resources */,
			);
			runOnlyForDeploymentPostprocessing = 0;
		};
		30EE9B8025AE363600589500 /* Resources */ = {
			isa = PBXResourcesBuildPhase;
			buildActionMask = 2147483647;
			files = (
			);
			runOnlyForDeploymentPostprocessing = 0;
		};
		30EE9B8B25AE363600589500 /* Resources */ = {
			isa = PBXResourcesBuildPhase;
			buildActionMask = 2147483647;
			files = (
			);
			runOnlyForDeploymentPostprocessing = 0;
		};
/* End PBXResourcesBuildPhase section */

/* Begin PBXSourcesBuildPhase section */
		30EE9B6825AE363200589500 /* Sources */ = {
			isa = PBXSourcesBuildPhase;
			buildActionMask = 2147483647;
			files = (
				30EE9B7425AE363200589500 /* ViewController.swift in Sources */,
				30EE9B7025AE363200589500 /* AppDelegate.swift in Sources */,
				30EE9B7225AE363200589500 /* SceneDelegate.swift in Sources */,
			);
			runOnlyForDeploymentPostprocessing = 0;
		};
		30EE9B7E25AE363600589500 /* Sources */ = {
			isa = PBXSourcesBuildPhase;
			buildActionMask = 2147483647;
			files = (
				30EE9B8725AE363600589500 /* WebviewTests.swift in Sources */,
			);
			runOnlyForDeploymentPostprocessing = 0;
		};
		30EE9B8925AE363600589500 /* Sources */ = {
			isa = PBXSourcesBuildPhase;
			buildActionMask = 2147483647;
			files = (
				30EE9B9225AE363600589500 /* WebviewUITests.swift in Sources */,
			);
			runOnlyForDeploymentPostprocessing = 0;
		};
/* End PBXSourcesBuildPhase section */

/* Begin PBXTargetDependency section */
		30EE9B8425AE363600589500 /* PBXTargetDependency */ = {
			isa = PBXTargetDependency;
			target = 30EE9B6B25AE363200589500 /* Webview */;
			targetProxy = 30EE9B8325AE363600589500 /* PBXContainerItemProxy */;
		};
		30EE9B8F25AE363600589500 /* PBXTargetDependency */ = {
			isa = PBXTargetDependency;
			target = 30EE9B6B25AE363200589500 /* Webview */;
			targetProxy = 30EE9B8E25AE363600589500 /* PBXContainerItemProxy */;
		};
/* End PBXTargetDependency section */

/* Begin PBXVariantGroup section */
		30EE9B7525AE363200589500 /* Main.storyboard */ = {
			isa = PBXVariantGroup;
			children = (
				30EE9B7625AE363200589500 /* Base */,
			);
			name = Main.storyboard;
			sourceTree = "<group>";
		};
		30EE9B7A25AE363600589500 /* LaunchScreen.storyboard */ = {
			isa = PBXVariantGroup;
			children = (
				30EE9B7B25AE363600589500 /* Base */,
			);
			name = LaunchScreen.storyboard;
			sourceTree = "<group>";
		};
/* End PBXVariantGroup section */

/* Begin XCBuildConfiguration section */
		30EE9B9425AE363600589500 /* Debug */ = {
			isa = XCBuildConfiguration;
			buildSettings = {
				ALWAYS_SEARCH_USER_PATHS = NO;
				CLANG_ANALYZER_NONNULL = YES;
				CLANG_ANALYZER_NUMBER_OBJECT_CONVERSION = YES_AGGRESSIVE;
				CLANG_CXX_LANGUAGE_STANDARD = "gnu++14";
				CLANG_CXX_LIBRARY = "libc++";
				CLANG_ENABLE_MODULES = YES;
				CLANG_ENABLE_OBJC_ARC = YES;
				CLANG_ENABLE_OBJC_WEAK = YES;
				CLANG_WARN_BLOCK_CAPTURE_AUTORELEASING = YES;
				CLANG_WARN_BOOL_CONVERSION = YES;
				CLANG_WARN_COMMA = YES;
				CLANG_WARN_CONSTANT_CONVERSION = YES;
				CLANG_WARN_DEPRECATED_OBJC_IMPLEMENTATIONS = YES;
				CLANG_WARN_DIRECT_OBJC_ISA_USAGE = YES_ERROR;
				CLANG_WARN_DOCUMENTATION_COMMENTS = YES;
				CLANG_WARN_EMPTY_BODY = YES;
				CLANG_WARN_ENUM_CONVERSION = YES;
				CLANG_WARN_INFINITE_RECURSION = YES;
				CLANG_WARN_INT_CONVERSION = YES;
				CLANG_WARN_NON_LITERAL_NULL_CONVERSION = YES;
				CLANG_WARN_OBJC_IMPLICIT_RETAIN_SELF = YES;
				CLANG_WARN_OBJC_LITERAL_CONVERSION = YES;
				CLANG_WARN_OBJC_ROOT_CLASS = YES_ERROR;
				CLANG_WARN_QUOTED_INCLUDE_IN_FRAMEWORK_HEADER = YES;
				CLANG_WARN_RANGE_LOOP_ANALYSIS = YES;
				CLANG_WARN_STRICT_PROTOTYPES = YES;
				CLANG_WARN_SUSPICIOUS_MOVE = YES;
				CLANG_WARN_UNGUARDED_AVAILABILITY = YES_AGGRESSIVE;
				CLANG_WARN_UNREACHABLE_CODE = YES;
				CLANG_WARN__DUPLICATE_METHOD_MATCH = YES;
				COPY_PHASE_STRIP = NO;
				DEBUG_INFORMATION_FORMAT = dwarf;
				ENABLE_STRICT_OBJC_MSGSEND = YES;
				ENABLE_TESTABILITY = YES;
				GCC_C_LANGUAGE_STANDARD = gnu11;
				GCC_DYNAMIC_NO_PIC = NO;
				GCC_NO_COMMON_BLOCKS = YES;
				GCC_OPTIMIZATION_LEVEL = 0;
				GCC_PREPROCESSOR_DEFINITIONS = (
					"DEBUG=1",
					"$(inherited)",
				);
				GCC_WARN_64_TO_32_BIT_CONVERSION = YES;
				GCC_WARN_ABOUT_RETURN_TYPE = YES_ERROR;
				GCC_WARN_UNDECLARED_SELECTOR = YES;
				GCC_WARN_UNINITIALIZED_AUTOS = YES_AGGRESSIVE;
				GCC_WARN_UNUSED_FUNCTION = YES;
				GCC_WARN_UNUSED_VARIABLE = YES;
				IPHONEOS_DEPLOYMENT_TARGET = 14.3;
				MTL_ENABLE_DEBUG_INFO = INCLUDE_SOURCE;
				MTL_FAST_MATH = YES;
				ONLY_ACTIVE_ARCH = YES;
				SDKROOT = iphoneos;
				SWIFT_ACTIVE_COMPILATION_CONDITIONS = DEBUG;
				SWIFT_OPTIMIZATION_LEVEL = "-Onone";
			};
			name = Debug;
		};
		30EE9B9525AE363600589500 /* Release */ = {
			isa = XCBuildConfiguration;
			buildSettings = {
				ALWAYS_SEARCH_USER_PATHS = NO;
				CLANG_ANALYZER_NONNULL = YES;
				CLANG_ANALYZER_NUMBER_OBJECT_CONVERSION = YES_AGGRESSIVE;
				CLANG_CXX_LANGUAGE_STANDARD = "gnu++14";
				CLANG_CXX_LIBRARY = "libc++";
				CLANG_ENABLE_MODULES = YES;
				CLANG_ENABLE_OBJC_ARC = YES;
				CLANG_ENABLE_OBJC_WEAK = YES;
				CLANG_WARN_BLOCK_CAPTURE_AUTORELEASING = YES;
				CLANG_WARN_BOOL_CONVERSION = YES;
				CLANG_WARN_COMMA = YES;
				CLANG_WARN_CONSTANT_CONVERSION = YES;
				CLANG_WARN_DEPRECATED_OBJC_IMPLEMENTATIONS = YES;
				CLANG_WARN_DIRECT_OBJC_ISA_USAGE = YES_ERROR;
				CLANG_WARN_DOCUMENTATION_COMMENTS = YES;
				CLANG_WARN_EMPTY_BODY = YES;
				CLANG_WARN_ENUM_CONVERSION = YES;
				CLANG_WARN_INFINITE_RECURSION = YES;
				CLANG_WARN_INT_CONVERSION = YES;
				CLANG_WARN_NON_LITERAL_NULL_CONVERSION = YES;
				CLANG_WARN_OBJC_IMPLICIT_RETAIN_SELF = YES;
				CLANG_WARN_OBJC_LITERAL_CONVERSION = YES;
				CLANG_WARN_OBJC_ROOT_CLASS = YES_ERROR;
				CLANG_WARN_QUOTED_INCLUDE_IN_FRAMEWORK_HEADER = YES;
				CLANG_WARN_RANGE_LOOP_ANALYSIS = YES;
				CLANG_WARN_STRICT_PROTOTYPES = YES;
				CLANG_WARN_SUSPICIOUS_MOVE = YES;
				CLANG_WARN_UNGUARDED_AVAILABILITY = YES_AGGRESSIVE;
				CLANG_WARN_UNREACHABLE_CODE = YES;
				CLANG_WARN__DUPLICATE_METHOD_MATCH = YES;
				COPY_PHASE_STRIP = NO;
				DEBUG_INFORMATION_FORMAT = "dwarf-with-dsym";
				ENABLE_NS_ASSERTIONS = NO;
				ENABLE_STRICT_OBJC_MSGSEND = YES;
				GCC_C_LANGUAGE_STANDARD = gnu11;
				GCC_NO_COMMON_BLOCKS = YES;
				GCC_WARN_64_TO_32_BIT_CONVERSION = YES;
				GCC_WARN_ABOUT_RETURN_TYPE = YES_ERROR;
				GCC_WARN_UNDECLARED_SELECTOR = YES;
				GCC_WARN_UNINITIALIZED_AUTOS = YES_AGGRESSIVE;
				GCC_WARN_UNUSED_FUNCTION = YES;
				GCC_WARN_UNUSED_VARIABLE = YES;
				IPHONEOS_DEPLOYMENT_TARGET = 14.3;
				MTL_ENABLE_DEBUG_INFO = NO;
				MTL_FAST_MATH = YES;
				SDKROOT = iphoneos;
				SWIFT_COMPILATION_MODE = wholemodule;
				SWIFT_OPTIMIZATION_LEVEL = "-O";
				VALIDATE_PRODUCT = YES;
			};
			name = Release;
		};
		30EE9B9725AE363600589500 /* Debug */ = {
			isa = XCBuildConfiguration;
			buildSettings = {
				ASSETCATALOG_COMPILER_APPICON_NAME = AppIcon;
				ASSETCATALOG_COMPILER_GLOBAL_ACCENT_COLOR_NAME = AccentColor;
				CODE_SIGN_STYLE = Automatic;
				INFOPLIST_FILE = Webview/Info.plist;
				LD_RUNPATH_SEARCH_PATHS = (
					"$(inherited)",
					"@executable_path/Frameworks",
				);
				PRODUCT_BUNDLE_IDENTIFIER = com.example.Webview;
				PRODUCT_NAME = "$(TARGET_NAME)";
				SWIFT_VERSION = 5.0;
				TARGETED_DEVICE_FAMILY = "1,2";
			};
			name = Debug;
		};
		30EE9B9825AE363600589500 /* Release */ = {
			isa = XCBuildConfiguration;
			buildSettings = {
				ASSETCATALOG_COMPILER_APPICON_NAME = AppIcon;
				ASSETCATALOG_COMPILER_GLOBAL_ACCENT_COLOR_NAME = AccentColor;
				CODE_SIGN_STYLE = Automatic;
				INFOPLIST_FILE = Webview/Info.plist;
				LD_RUNPATH_SEARCH_PATHS = (
					"$(inherited)",
					"@executable_path/Frameworks",
				);
				PRODUCT_BUNDLE_IDENTIFIER = com.example.Webview;
				PRODUCT_NAME = "$(TARGET_NAME)";
				SWIFT_VERSION = 5.0;
				TARGETED_DEVICE_FAMILY = "1,2";
			};
			name = Release;
		};
		30EE9B9A25AE363600589500 /* Debug */ = {
			isa = XCBuildConfiguration;
			buildSettings = {
				ALWAYS_EMBED_SWIFT_STANDARD_LIBRARIES = YES;
				BUNDLE_LOADER = "$(TEST_HOST)";
				CODE_SIGN_STYLE = Automatic;
				INFOPLIST_FILE = WebviewTests/Info.plist;
				IPHONEOS_DEPLOYMENT_TARGET = 14.3;
				LD_RUNPATH_SEARCH_PATHS = (
					"$(inherited)",
					"@executable_path/Frameworks",
					"@loader_path/Frameworks",
				);
				PRODUCT_BUNDLE_IDENTIFIER = com.example.WebviewTests;
				PRODUCT_NAME = "$(TARGET_NAME)";
				SWIFT_VERSION = 5.0;
				TARGETED_DEVICE_FAMILY = "1,2";
				TEST_HOST = "$(BUILT_PRODUCTS_DIR)/Webview.app/Webview";
			};
			name = Debug;
		};
		30EE9B9B25AE363600589500 /* Release */ = {
			isa = XCBuildConfiguration;
			buildSettings = {
				ALWAYS_EMBED_SWIFT_STANDARD_LIBRARIES = YES;
				BUNDLE_LOADER = "$(TEST_HOST)";
				CODE_SIGN_STYLE = Automatic;
				INFOPLIST_FILE = WebviewTests/Info.plist;
				IPHONEOS_DEPLOYMENT_TARGET = 14.3;
				LD_RUNPATH_SEARCH_PATHS = (
					"$(inherited)",
					"@executable_path/Frameworks",
					"@loader_path/Frameworks",
				);
				PRODUCT_BUNDLE_IDENTIFIER = com.example.WebviewTests;
				PRODUCT_NAME = "$(TARGET_NAME)";
				SWIFT_VERSION = 5.0;
				TARGETED_DEVICE_FAMILY = "1,2";
				TEST_HOST = "$(BUILT_PRODUCTS_DIR)/Webview.app/Webview";
			};
			name = Release;
		};
		30EE9B9D25AE363600589500 /* Debug */ = {
			isa = XCBuildConfiguration;
			buildSettings = {
				ALWAYS_EMBED_SWIFT_STANDARD_LIBRARIES = YES;
				CODE_SIGN_STYLE = Automatic;
				INFOPLIST_FILE = WebviewUITests/Info.plist;
				LD_RUNPATH_SEARCH_PATHS = (
					"$(inherited)",
					"@executable_path/Frameworks",
					"@loader_path/Frameworks",
				);
				PRODUCT_BUNDLE_IDENTIFIER = com.example.WebviewUITests;
				PRODUCT_NAME = "$(TARGET_NAME)";
				SWIFT_VERSION = 5.0;
				TARGETED_DEVICE_FAMILY = "1,2";
				TEST_TARGET_NAME = Webview;
			};
			name = Debug;
		};
		30EE9B9E25AE363600589500 /* Release */ = {
			isa = XCBuildConfiguration;
			buildSettings = {
				ALWAYS_EMBED_SWIFT_STANDARD_LIBRARIES = YES;
				CODE_SIGN_STYLE = Automatic;
				INFOPLIST_FILE = WebviewUITests/Info.plist;
				LD_RUNPATH_SEARCH_PATHS = (
					"$(inherited)",
					"@executable_path/Frameworks",
					"@loader_path/Frameworks",
				);
				PRODUCT_BUNDLE_IDENTIFIER = com.example.WebviewUITests;
				PRODUCT_NAME = "$(TARGET_NAME)";
				SWIFT_VERSION = 5.0;
				TARGETED_DEVICE_FAMILY = "1,2";
				TEST_TARGET_NAME = Webview;
			};
			name = Release;
		};
/* End XCBuildConfiguration section */

/* Begin XCConfigurationList section */
		30EE9B6725AE363200589500 /* Build configuration list for PBXProject "Webview" */ = {
			isa = XCConfigurationList;
			buildConfigurations = (
				30EE9B9425AE363600589500 /* Debug */,
				30EE9B9525AE363600589500 /* Release */,
			);
			defaultConfigurationIsVisible = 0;
			defaultConfigurationName = Release;
		};
		30EE9B9625AE363600589500 /* Build configuration list for PBXNativeTarget "Webview" */ = {
			isa = XCConfigurationList;
			buildConfigurations = (
				30EE9B9725AE363600589500 /* Debug */,
				30EE9B9825AE363600589500 /* Release */,
			);
			defaultConfigurationIsVisible = 0;
			defaultConfigurationName = Release;
		};
		30EE9B9925AE363600589500 /* Build configuration list for PBXNativeTarget "WebviewTests" */ = {
			isa = XCConfigurationList;
			buildConfigurations = (
				30EE9B9A25AE363600589500 /* Debug */,
				30EE9B9B25AE363600589500 /* Release */,
			);
			defaultConfigurationIsVisible = 0;
			defaultConfigurationName = Release;
		};
		30EE9B9C25AE363600589500 /* Build configuration list for PBXNativeTarget "WebviewUITests" */ = {
			isa = XCConfigurationList;
			buildConfigurations = (
				30EE9B9D25AE363600589500 /* Debug */,
				30EE9B9E25AE363600589500 /* Release */,
			);
			defaultConfigurationIsVisible = 0;
			defaultConfigurationName = Release;
		};
/* End XCConfigurationList section */
	};
	rootObject = 30EE9B6425AE363200589500 /* Project object */;
}
